
Microsoft Visual Studio Solution File, Format Version 12.00
# Visual Studio Version 17
VisualStudioVersion = 17.5.33516.290
MinimumVisualStudioVersion = 10.0.40219.1
Project("{FAE04EC0-301F-11D3-BF4B-00C04F79EFBC}") = "ProductCatalog.API", "ProductCatalog.API.csproj", "{47FF0317-C5E7-4998-9E1B-B2A4870FA7F9}"
EndProject
Project("{FAE04EC0-301F-11D3-BF4B-00C04F79EFBC}") = "ProductCatalog.Domain", "..\ProductCatalog.Domain\ProductCatalog.Domain.csproj", "{4692E138-73FD-4B8F-9923-DBEEA0A9C23D}"
EndProject
Project("{FAE04EC0-301F-11D3-BF4B-00C04F79EFBC}") = "ProductCatalog.Data", "..\ProductCatalog.Data\ProductCatalog.Data.csproj", "{7BE6B07E-6BCA-4FA6-B9F7-0F9454D13946}"
EndProject
Global
	GlobalSection(SolutionConfigurationPlatforms) = preSolution
		Debug|Any CPU = Debug|Any CPU
		Release|Any CPU = Release|Any CPU
	EndGlobalSection
	GlobalSection(ProjectConfigurationPlatforms) = postSolution
		{47FF0317-C5E7-4998-9E1B-B2A4870FA7F9}.Debug|Any CPU.ActiveCfg = Debug|Any CPU
		{47FF0317-C5E7-4998-9E1B-B2A4870FA7F9}.Debug|Any CPU.Build.0 = Debug|Any CPU
		{47FF0317-C5E7-4998-9E1B-B2A4870FA7F9}.Release|Any CPU.ActiveCfg = Release|Any CPU
		{47FF0317-C5E7-4998-9E1B-B2A4870FA7F9}.Release|Any CPU.Build.0 = Release|Any CPU
		{4692E138-73FD-4B8F-9923-DBEEA0A9C23D}.Debug|Any CPU.ActiveCfg = Debug|Any CPU
		{4692E138-73FD-4B8F-9923-DBEEA0A9C23D}.Debug|Any CPU.Build.0 = Debug|Any CPU
		{4692E138-73FD-4B8F-9923-DBEEA0A9C23D}.Release|Any CPU.ActiveCfg = Release|Any CPU
		{4692E138-73FD-4B8F-9923-DBEEA0A9C23D}.Release|Any CPU.Build.0 = Release|Any CPU
		{7BE6B07E-6BCA-4FA6-B9F7-0F9454D13946}.Debug|Any CPU.ActiveCfg = Debug|Any CPU
		{7BE6B07E-6BCA-4FA6-B9F7-0F9454D13946}.Debug|Any CPU.Build.0 = Debug|Any CPU
		{7BE6B07E-6BCA-4FA6-B9F7-0F9454D13946}.Release|Any CPU.ActiveCfg = Release|Any CPU
		{7BE6B07E-6BCA-4FA6-B9F7-0F9454D13946}.Release|Any CPU.Build.0 = Release|Any CPU
	EndGlobalSection
	GlobalSection(SolutionProperties) = preSolution
		HideSolutionNode = FALSE
	EndGlobalSection
	GlobalSection(ExtensibilityGlobals) = postSolution
		SolutionGuid = {D710AAAE-756D-4D3A-AA9A-41F1D69177CE}
	EndGlobalSection
EndGlobal
